
Microsoft Visual Studio Solution File, Format Version 12.00
# Visual Studio Version 16
VisualStudioVersion = 16.0.31025.194
MinimumVisualStudioVersion = 10.0.40219.1
Project("{9A19103F-16F7-4668-BE54-9A1E7A4F7556}") = "RiskGame.API", "RiskGame.API.csproj", "{9642496E-47A6-45C4-BAA5-511F93BCAC90}"
EndProject
Project("{FAE04EC0-301F-11D3-BF4B-00C04F79EFBC}") = "Test", "..\Test\Test.csproj", "{DA36C1B5-301F-425C-9787-EA065874FC66}"
EndProject
Global
	GlobalSection(SolutionConfigurationPlatforms) = preSolution
		Debug|Any CPU = Debug|Any CPU
		Release|Any CPU = Release|Any CPU
	EndGlobalSection
	GlobalSection(ProjectConfigurationPlatforms) = postSolution
		{9642496E-47A6-45C4-BAA5-511F93BCAC90}.Debug|Any CPU.ActiveCfg = Debug|Any CPU
		{9642496E-47A6-45C4-BAA5-511F93BCAC90}.Debug|Any CPU.Build.0 = Debug|Any CPU
		{9642496E-47A6-45C4-BAA5-511F93BCAC90}.Release|Any CPU.ActiveCfg = Release|Any CPU
		{9642496E-47A6-45C4-BAA5-511F93BCAC90}.Release|Any CPU.Build.0 = Release|Any CPU
		{DA36C1B5-301F-425C-9787-EA065874FC66}.Debug|Any CPU.ActiveCfg = Debug|Any CPU
		{DA36C1B5-301F-425C-9787-EA065874FC66}.Debug|Any CPU.Build.0 = Debug|Any CPU
		{DA36C1B5-301F-425C-9787-EA065874FC66}.Release|Any CPU.ActiveCfg = Release|Any CPU
		{DA36C1B5-301F-425C-9787-EA065874FC66}.Release|Any CPU.Build.0 = Release|Any CPU
	EndGlobalSection
	GlobalSection(SolutionProperties) = preSolution
		HideSolutionNode = FALSE
	EndGlobalSection
	GlobalSection(ExtensibilityGlobals) = postSolution
		SolutionGuid = {30900163-67C7-43AB-BDE4-BB03874BF115}
	EndGlobalSection
EndGlobal
